<?xml version="1.0" encoding="utf-8"?>
<Project ToolsVersion="4.0" xmlns="http://schemas.microsoft.com/developer/msbuild/2003">
  <ItemGroup>
    <Filter Include="Source Files">
      <UniqueIdentifier>{4FC737F1-C7A5-4376-A066-2A32D752A2FF}</UniqueIdentifier>
      <Extensions>cpp;c;cc;cxx;def;odl;idl;hpj;bat;asm;asmx</Extensions>
    </Filter>
    <Filter Include="Header Files">
      <UniqueIdentifier>{93995380-89BD-4b04-88EB-625FBE52EBFB}</UniqueIdentifier>
      <Extensions>h;hh;hpp;hxx;hm;inl;inc;xsd</Extensions>
    </Filter>
    <Filter Include="Resource Files">
      <UniqueIdentifier>{67DA6AB6-F800-4c08-8B7A-83BB121AAD01}</UniqueIdentifier>
      <Extensions>rc;ico;cur;bmp;dlg;rc2;rct;bin;rgs;gif;jpg;jpeg;jpe;resx;tiff;tif;png;wav;mfcribbon-ms</Extensions>
    </Filter>
  </ItemGroup>
  <ItemGroup>
    <ClCompile Include="CountBits.cpp">
      <Filter>Source Files</Filter>
    </ClCompile>
    <ClCompile Include="Source.cpp">
      <Filter>Source Files</Filter>
    </ClCompile>
    <ClCompile Include="SumOf2Ints.cpp">
      <Filter>Source Files</Filter>
    </ClCompile>
    <ClCompile Include="BinaryTreeDepth.cpp">
      <Filter>Source Files</Filter>
    </ClCompile>
    <ClCompile Include="BinarySearch.cpp">
      <Filter>Source Files</Filter>
    </ClCompile>
    <ClCompile Include="merge2SortedArrays.cpp">
      <Filter>Source Files</Filter>
    </ClCompile>
    <ClCompile Include="GooglePhoneScreen.cpp">
      <Filter>Source Files</Filter>
    </ClCompile>
    <ClCompile Include="SelectionSort.cpp">
      <Filter>Source Files</Filter>
    </ClCompile>
    <ClCompile Include="FirstNoneDuplicate.cpp">
      <Filter>Source Files</Filter>
    </ClCompile>
    <ClCompile Include="basic_operators.cpp">
      <Filter>Source Files</Filter>
    </ClCompile>
    <ClCompile Include="DP_StockPriceGoogle.cpp">
      <Filter>Source Files</Filter>
    </ClCompile>
    <ClCompile Include="ConsecutiveOnes.cpp">
      <Filter>Source Files</Filter>
    </ClCompile>
    <ClCompile Include="HourGlassSum.cpp">
      <Filter>Source Files</Filter>
    </ClCompile>
    <ClCompile Include="mergeIntervals.cpp">
      <Filter>Source Files</Filter>
    </ClCompile>
    <ClCompile Include="leetcode13.cpp">
      <Filter>Source Files</Filter>
    </ClCompile>
    <ClCompile Include="leetcode219.cpp">
      <Filter>Source Files</Filter>
    </ClCompile>
    <ClCompile Include="leetcode77.cpp">
      <Filter>Source Files</Filter>
    </ClCompile>
  </ItemGroup>
  <ItemGroup>
    <ClInclude Include="CountBits.h">
      <Filter>Header Files</Filter>
    </ClInclude>
    <ClInclude Include="SumOf2Ints.h">
      <Filter>Header Files</Filter>
    </ClInclude>
    <ClInclude Include="BinaryTreeDepth.h">
      <Filter>Header Files</Filter>
    </ClInclude>
    <ClInclude Include="BinarySearch.h">
      <Filter>Header Files</Filter>
    </ClInclude>
    <ClInclude Include="merge2SortedArrays.h">
      <Filter>Header Files</Filter>
    </ClInclude>
    <ClInclude Include="GooglePhoneScreen.h">
      <Filter>Header Files</Filter>
    </ClInclude>
    <ClInclude Include="SelectionSort.h">
      <Filter>Header Files</Filter>
    </ClInclude>
    <ClInclude Include="basic_operators.h">
      <Filter>Header Files</Filter>
    </ClInclude>
    <ClInclude Include="FirstNoneDuplicate.h">
      <Filter>Header Files</Filter>
    </ClInclude>
    <ClInclude Include="basic_class.h">
      <Filter>Header Files</Filter>
    </ClInclude>
    <ClInclude Include="DP_StockPriceGoogle.h">
      <Filter>Header Files</Filter>
    </ClInclude>
    <ClInclude Include="ConsecutiveOnes.h">
      <Filter>Header Files</Filter>
    </ClInclude>
    <ClInclude Include="HourGlassSum.h">
      <Filter>Header Files</Filter>
    </ClInclude>
    <ClInclude Include="mergeIntervals.h">
      <Filter>Header Files</Filter>
    </ClInclude>
    <ClInclude Include="leetcode13.h">
      <Filter>Header Files</Filter>
    </ClInclude>
    <ClInclude Include="leetcode219.h">
      <Filter>Header Files</Filter>
    </ClInclude>
    <ClInclude Include="leetcode77.h">
      <Filter>Header Files</Filter>
    </ClInclude>
  </ItemGroup>
</Project>